
Microsoft Visual Studio Solution File, Format Version 12.00
# Visual Studio 15
VisualStudioVersion = 15.0.28307.168
MinimumVisualStudioVersion = 10.0.40219.1
Project("{FAE04EC0-301F-11D3-BF4B-00C04F79EFBC}") = "presentacion", "presentacion\presentacion.csproj", "{76AE690F-1B0C-4C61-B285-2418270A76DC}"
EndProject
Project("{FAE04EC0-301F-11D3-BF4B-00C04F79EFBC}") = "dominios", "dominios\dominios.csproj", "{075F4172-717F-4EA0-AB71-D7C9E48A532C}"
EndProject
Project("{FAE04EC0-301F-11D3-BF4B-00C04F79EFBC}") = "Accesoadatos", "Accesoadatos\Accesoadatos.csproj", "{4CA344ED-8EF5-44F8-A8C9-45BDB38E4A8A}"
EndProject
Project("{FAE04EC0-301F-11D3-BF4B-00C04F79EFBC}") = "capacomun", "capacomun\capacomun.csproj", "{3374D292-97F7-40F9-82B9-524F6C791164}"
EndProject
Global
	GlobalSection(SolutionConfigurationPlatforms) = preSolution
		Debug|Any CPU = Debug|Any CPU
		Release|Any CPU = Release|Any CPU
	EndGlobalSection
	GlobalSection(ProjectConfigurationPlatforms) = postSolution
		{76AE690F-1B0C-4C61-B285-2418270A76DC}.Debug|Any CPU.ActiveCfg = Debug|Any CPU
		{76AE690F-1B0C-4C61-B285-2418270A76DC}.Debug|Any CPU.Build.0 = Debug|Any CPU
		{76AE690F-1B0C-4C61-B285-2418270A76DC}.Release|Any CPU.ActiveCfg = Release|Any CPU
		{76AE690F-1B0C-4C61-B285-2418270A76DC}.Release|Any CPU.Build.0 = Release|Any CPU
		{075F4172-717F-4EA0-AB71-D7C9E48A532C}.Debug|Any CPU.ActiveCfg = Debug|Any CPU
		{075F4172-717F-4EA0-AB71-D7C9E48A532C}.Debug|Any CPU.Build.0 = Debug|Any CPU
		{075F4172-717F-4EA0-AB71-D7C9E48A532C}.Release|Any CPU.ActiveCfg = Release|Any CPU
		{075F4172-717F-4EA0-AB71-D7C9E48A532C}.Release|Any CPU.Build.0 = Release|Any CPU
		{4CA344ED-8EF5-44F8-A8C9-45BDB38E4A8A}.Debug|Any CPU.ActiveCfg = Debug|Any CPU
		{4CA344ED-8EF5-44F8-A8C9-45BDB38E4A8A}.Debug|Any CPU.Build.0 = Debug|Any CPU
		{4CA344ED-8EF5-44F8-A8C9-45BDB38E4A8A}.Release|Any CPU.ActiveCfg = Release|Any CPU
		{4CA344ED-8EF5-44F8-A8C9-45BDB38E4A8A}.Release|Any CPU.Build.0 = Release|Any CPU
		{3374D292-97F7-40F9-82B9-524F6C791164}.Debug|Any CPU.ActiveCfg = Debug|Any CPU
		{3374D292-97F7-40F9-82B9-524F6C791164}.Debug|Any CPU.Build.0 = Debug|Any CPU
		{3374D292-97F7-40F9-82B9-524F6C791164}.Release|Any CPU.ActiveCfg = Release|Any CPU
		{3374D292-97F7-40F9-82B9-524F6C791164}.Release|Any CPU.Build.0 = Release|Any CPU
	EndGlobalSection
	GlobalSection(SolutionProperties) = preSolution
		HideSolutionNode = FALSE
	EndGlobalSection
	GlobalSection(ExtensibilityGlobals) = postSolution
		SolutionGuid = {5AB9255E-D07B-4FA5-A7B5-6C2E04AF66A8}
	EndGlobalSection
EndGlobal
